
Microsoft Visual Studio Solution File, Format Version 12.00
# Visual Studio 14
VisualStudioVersion = 14.0.25123.0
MinimumVisualStudioVersion = 10.0.40219.1
Project("{FAE04EC0-301F-11D3-BF4B-00C04F79EFBC}") = "BikeRental", "BikeRental\BikeRental.csproj", "{EBCDD61A-9B9D-4D1E-AE90-A88EF5895DE1}"
EndProject
Project("{FAE04EC0-301F-11D3-BF4B-00C04F79EFBC}") = "BikeRental.Core", "BikeRental.Core\BikeRental.Core.csproj", "{29E96058-C863-4817-A792-038CFC926F14}"
EndProject
Project("{FAE04EC0-301F-11D3-BF4B-00C04F79EFBC}") = "BikeRental.Data", "BikeRental.Data\BikeRental.Data.csproj", "{13114CD0-A94D-4433-B177-5A05B6FFA084}"
EndProject
Project("{FAE04EC0-301F-11D3-BF4B-00C04F79EFBC}") = "BikeRental.Interfases", "BikeRental.Interfases\BikeRental.Interfases.csproj", "{1581FF63-072C-49CE-BC63-47CBF808B111}"
EndProject
Project("{FAE04EC0-301F-11D3-BF4B-00C04F79EFBC}") = "BikeRental.BL", "BikeRental.BL\BikeRental.BL.csproj", "{850E3420-7002-453B-B165-3DA90599BE1D}"
EndProject
Project("{FAE04EC0-301F-11D3-BF4B-00C04F79EFBC}") = "BikeRental.CW", "BikeRental.CW\BikeRental.CW.csproj", "{647C4C4E-7A69-4D1F-BD55-1B8B154E46A4}"
EndProject
Project("{FAE04EC0-301F-11D3-BF4B-00C04F79EFBC}") = "BikeRental.ViewModel", "BikeRental.ViewModel\BikeRental.ViewModel.csproj", "{BFEF316E-17A4-4ED4-8823-F01EA11EC974}"
EndProject
Project("{FAE04EC0-301F-11D3-BF4B-00C04F79EFBC}") = "BikeRental.Resources", "BikeRental.Resources\BikeRental.Resources.csproj", "{AE9BFFF0-3548-4E9A-AB21-536F59F8FAB8}"
EndProject
Project("{FAE04EC0-301F-11D3-BF4B-00C04F79EFBC}") = "BikeRental.Ang", "BikeRental.Ang\BikeRental.Ang.csproj", "{2009FEE3-938B-4B56-8DFA-C52D6BE75B5E}"
EndProject
Project("{FAE04EC0-301F-11D3-BF4B-00C04F79EFBC}") = "BikeRental.Web", "BikeRental.Web\BikeRental.Web.csproj", "{BA7C621B-FD1C-4B24-936A-A6D5FE874C7D}"
EndProject
Global
	GlobalSection(SolutionConfigurationPlatforms) = preSolution
		Debug|Any CPU = Debug|Any CPU
		Debug|ARM = Debug|ARM
		Debug|x64 = Debug|x64
		Debug|x86 = Debug|x86
		Release|Any CPU = Release|Any CPU
		Release|ARM = Release|ARM
		Release|x64 = Release|x64
		Release|x86 = Release|x86
	EndGlobalSection
	GlobalSection(ProjectConfigurationPlatforms) = postSolution
		{EBCDD61A-9B9D-4D1E-AE90-A88EF5895DE1}.Debug|Any CPU.ActiveCfg = Debug|Any CPU
		{EBCDD61A-9B9D-4D1E-AE90-A88EF5895DE1}.Debug|Any CPU.Build.0 = Debug|Any CPU
		{EBCDD61A-9B9D-4D1E-AE90-A88EF5895DE1}.Debug|ARM.ActiveCfg = Debug|Any CPU
		{EBCDD61A-9B9D-4D1E-AE90-A88EF5895DE1}.Debug|ARM.Build.0 = Debug|Any CPU
		{EBCDD61A-9B9D-4D1E-AE90-A88EF5895DE1}.Debug|x64.ActiveCfg = Debug|Any CPU
		{EBCDD61A-9B9D-4D1E-AE90-A88EF5895DE1}.Debug|x64.Build.0 = Debug|Any CPU
		{EBCDD61A-9B9D-4D1E-AE90-A88EF5895DE1}.Debug|x86.ActiveCfg = Debug|Any CPU
		{EBCDD61A-9B9D-4D1E-AE90-A88EF5895DE1}.Debug|x86.Build.0 = Debug|Any CPU
		{EBCDD61A-9B9D-4D1E-AE90-A88EF5895DE1}.Release|Any CPU.ActiveCfg = Release|Any CPU
		{EBCDD61A-9B9D-4D1E-AE90-A88EF5895DE1}.Release|Any CPU.Build.0 = Release|Any CPU
		{EBCDD61A-9B9D-4D1E-AE90-A88EF5895DE1}.Release|ARM.ActiveCfg = Release|Any CPU
		{EBCDD61A-9B9D-4D1E-AE90-A88EF5895DE1}.Release|ARM.Build.0 = Release|Any CPU
		{EBCDD61A-9B9D-4D1E-AE90-A88EF5895DE1}.Release|x64.ActiveCfg = Release|Any CPU
		{EBCDD61A-9B9D-4D1E-AE90-A88EF5895DE1}.Release|x64.Build.0 = Release|Any CPU
		{EBCDD61A-9B9D-4D1E-AE90-A88EF5895DE1}.Release|x86.ActiveCfg = Release|Any CPU
		{EBCDD61A-9B9D-4D1E-AE90-A88EF5895DE1}.Release|x86.Build.0 = Release|Any CPU
		{29E96058-C863-4817-A792-038CFC926F14}.Debug|Any CPU.ActiveCfg = Debug|Any CPU
		{29E96058-C863-4817-A792-038CFC926F14}.Debug|Any CPU.Build.0 = Debug|Any CPU
		{29E96058-C863-4817-A792-038CFC926F14}.Debug|ARM.ActiveCfg = Debug|Any CPU
		{29E96058-C863-4817-A792-038CFC926F14}.Debug|ARM.Build.0 = Debug|Any CPU
		{29E96058-C863-4817-A792-038CFC926F14}.Debug|x64.ActiveCfg = Debug|Any CPU
		{29E96058-C863-4817-A792-038CFC926F14}.Debug|x64.Build.0 = Debug|Any CPU
		{29E96058-C863-4817-A792-038CFC926F14}.Debug|x86.ActiveCfg = Debug|Any CPU
		{29E96058-C863-4817-A792-038CFC926F14}.Debug|x86.Build.0 = Debug|Any CPU
		{29E96058-C863-4817-A792-038CFC926F14}.Release|Any CPU.ActiveCfg = Release|Any CPU
		{29E96058-C863-4817-A792-038CFC926F14}.Release|Any CPU.Build.0 = Release|Any CPU
		{29E96058-C863-4817-A792-038CFC926F14}.Release|ARM.ActiveCfg = Release|Any CPU
		{29E96058-C863-4817-A792-038CFC926F14}.Release|ARM.Build.0 = Release|Any CPU
		{29E96058-C863-4817-A792-038CFC926F14}.Release|x64.ActiveCfg = Release|Any CPU
		{29E96058-C863-4817-A792-038CFC926F14}.Release|x64.Build.0 = Release|Any CPU
		{29E96058-C863-4817-A792-038CFC926F14}.Release|x86.ActiveCfg = Release|Any CPU
		{29E96058-C863-4817-A792-038CFC926F14}.Release|x86.Build.0 = Release|Any CPU
		{13114CD0-A94D-4433-B177-5A05B6FFA084}.Debug|Any CPU.ActiveCfg = Debug|Any CPU
		{13114CD0-A94D-4433-B177-5A05B6FFA084}.Debug|Any CPU.Build.0 = Debug|Any CPU
		{13114CD0-A94D-4433-B177-5A05B6FFA084}.Debug|ARM.ActiveCfg = Debug|Any CPU
		{13114CD0-A94D-4433-B177-5A05B6FFA084}.Debug|ARM.Build.0 = Debug|Any CPU
		{13114CD0-A94D-4433-B177-5A05B6FFA084}.Debug|x64.ActiveCfg = Debug|Any CPU
		{13114CD0-A94D-4433-B177-5A05B6FFA084}.Debug|x64.Build.0 = Debug|Any CPU
		{13114CD0-A94D-4433-B177-5A05B6FFA084}.Debug|x86.ActiveCfg = Debug|Any CPU
		{13114CD0-A94D-4433-B177-5A05B6FFA084}.Debug|x86.Build.0 = Debug|Any CPU
		{13114CD0-A94D-4433-B177-5A05B6FFA084}.Release|Any CPU.ActiveCfg = Release|Any CPU
		{13114CD0-A94D-4433-B177-5A05B6FFA084}.Release|Any CPU.Build.0 = Release|Any CPU
		{13114CD0-A94D-4433-B177-5A05B6FFA084}.Release|ARM.ActiveCfg = Release|Any CPU
		{13114CD0-A94D-4433-B177-5A05B6FFA084}.Release|ARM.Build.0 = Release|Any CPU
		{13114CD0-A94D-4433-B177-5A05B6FFA084}.Release|x64.ActiveCfg = Release|Any CPU
		{13114CD0-A94D-4433-B177-5A05B6FFA084}.Release|x64.Build.0 = Release|Any CPU
		{13114CD0-A94D-4433-B177-5A05B6FFA084}.Release|x86.ActiveCfg = Release|Any CPU
		{13114CD0-A94D-4433-B177-5A05B6FFA084}.Release|x86.Build.0 = Release|Any CPU
		{1581FF63-072C-49CE-BC63-47CBF808B111}.Debug|Any CPU.ActiveCfg = Debug|Any CPU
		{1581FF63-072C-49CE-BC63-47CBF808B111}.Debug|Any CPU.Build.0 = Debug|Any CPU
		{1581FF63-072C-49CE-BC63-47CBF808B111}.Debug|ARM.ActiveCfg = Debug|Any CPU
		{1581FF63-072C-49CE-BC63-47CBF808B111}.Debug|ARM.Build.0 = Debug|Any CPU
		{1581FF63-072C-49CE-BC63-47CBF808B111}.Debug|x64.ActiveCfg = Debug|Any CPU
		{1581FF63-072C-49CE-BC63-47CBF808B111}.Debug|x64.Build.0 = Debug|Any CPU
		{1581FF63-072C-49CE-BC63-47CBF808B111}.Debug|x86.ActiveCfg = Debug|Any CPU
		{1581FF63-072C-49CE-BC63-47CBF808B111}.Debug|x86.Build.0 = Debug|Any CPU
		{1581FF63-072C-49CE-BC63-47CBF808B111}.Release|Any CPU.ActiveCfg = Release|Any CPU
		{1581FF63-072C-49CE-BC63-47CBF808B111}.Release|Any CPU.Build.0 = Release|Any CPU
		{1581FF63-072C-49CE-BC63-47CBF808B111}.Release|ARM.ActiveCfg = Release|Any CPU
		{1581FF63-072C-49CE-BC63-47CBF808B111}.Release|ARM.Build.0 = Release|Any CPU
		{1581FF63-072C-49CE-BC63-47CBF808B111}.Release|x64.ActiveCfg = Release|Any CPU
		{1581FF63-072C-49CE-BC63-47CBF808B111}.Release|x64.Build.0 = Release|Any CPU
		{1581FF63-072C-49CE-BC63-47CBF808B111}.Release|x86.ActiveCfg = Release|Any CPU
		{1581FF63-072C-49CE-BC63-47CBF808B111}.Release|x86.Build.0 = Release|Any CPU
		{850E3420-7002-453B-B165-3DA90599BE1D}.Debug|Any CPU.ActiveCfg = Debug|Any CPU
		{850E3420-7002-453B-B165-3DA90599BE1D}.Debug|Any CPU.Build.0 = Debug|Any CPU
		{850E3420-7002-453B-B165-3DA90599BE1D}.Debug|ARM.ActiveCfg = Debug|Any CPU
		{850E3420-7002-453B-B165-3DA90599BE1D}.Debug|ARM.Build.0 = Debug|Any CPU
		{850E3420-7002-453B-B165-3DA90599BE1D}.Debug|x64.ActiveCfg = Debug|Any CPU
		{850E3420-7002-453B-B165-3DA90599BE1D}.Debug|x64.Build.0 = Debug|Any CPU
		{850E3420-7002-453B-B165-3DA90599BE1D}.Debug|x86.ActiveCfg = Debug|Any CPU
		{850E3420-7002-453B-B165-3DA90599BE1D}.Debug|x86.Build.0 = Debug|Any CPU
		{850E3420-7002-453B-B165-3DA90599BE1D}.Release|Any CPU.ActiveCfg = Release|Any CPU
		{850E3420-7002-453B-B165-3DA90599BE1D}.Release|Any CPU.Build.0 = Release|Any CPU
		{850E3420-7002-453B-B165-3DA90599BE1D}.Release|ARM.ActiveCfg = Release|Any CPU
		{850E3420-7002-453B-B165-3DA90599BE1D}.Release|ARM.Build.0 = Release|Any CPU
		{850E3420-7002-453B-B165-3DA90599BE1D}.Release|x64.ActiveCfg = Release|Any CPU
		{850E3420-7002-453B-B165-3DA90599BE1D}.Release|x64.Build.0 = Release|Any CPU
		{850E3420-7002-453B-B165-3DA90599BE1D}.Release|x86.ActiveCfg = Release|Any CPU
		{850E3420-7002-453B-B165-3DA90599BE1D}.Release|x86.Build.0 = Release|Any CPU
		{647C4C4E-7A69-4D1F-BD55-1B8B154E46A4}.Debug|Any CPU.ActiveCfg = Debug|Any CPU
		{647C4C4E-7A69-4D1F-BD55-1B8B154E46A4}.Debug|Any CPU.Build.0 = Debug|Any CPU
		{647C4C4E-7A69-4D1F-BD55-1B8B154E46A4}.Debug|ARM.ActiveCfg = Debug|Any CPU
		{647C4C4E-7A69-4D1F-BD55-1B8B154E46A4}.Debug|ARM.Build.0 = Debug|Any CPU
		{647C4C4E-7A69-4D1F-BD55-1B8B154E46A4}.Debug|x64.ActiveCfg = Debug|Any CPU
		{647C4C4E-7A69-4D1F-BD55-1B8B154E46A4}.Debug|x64.Build.0 = Debug|Any CPU
		{647C4C4E-7A69-4D1F-BD55-1B8B154E46A4}.Debug|x86.ActiveCfg = Debug|Any CPU
		{647C4C4E-7A69-4D1F-BD55-1B8B154E46A4}.Debug|x86.Build.0 = Debug|Any CPU
		{647C4C4E-7A69-4D1F-BD55-1B8B154E46A4}.Release|Any CPU.ActiveCfg = Release|Any CPU
		{647C4C4E-7A69-4D1F-BD55-1B8B154E46A4}.Release|Any CPU.Build.0 = Release|Any CPU
		{647C4C4E-7A69-4D1F-BD55-1B8B154E46A4}.Release|ARM.ActiveCfg = Release|Any CPU
		{647C4C4E-7A69-4D1F-BD55-1B8B154E46A4}.Release|ARM.Build.0 = Release|Any CPU
		{647C4C4E-7A69-4D1F-BD55-1B8B154E46A4}.Release|x64.ActiveCfg = Release|Any CPU
		{647C4C4E-7A69-4D1F-BD55-1B8B154E46A4}.Release|x64.Build.0 = Release|Any CPU
		{647C4C4E-7A69-4D1F-BD55-1B8B154E46A4}.Release|x86.ActiveCfg = Release|Any CPU
		{647C4C4E-7A69-4D1F-BD55-1B8B154E46A4}.Release|x86.Build.0 = Release|Any CPU
		{BFEF316E-17A4-4ED4-8823-F01EA11EC974}.Debug|Any CPU.ActiveCfg = Debug|Any CPU
		{BFEF316E-17A4-4ED4-8823-F01EA11EC974}.Debug|Any CPU.Build.0 = Debug|Any CPU
		{BFEF316E-17A4-4ED4-8823-F01EA11EC974}.Debug|ARM.ActiveCfg = Debug|Any CPU
		{BFEF316E-17A4-4ED4-8823-F01EA11EC974}.Debug|ARM.Build.0 = Debug|Any CPU
		{BFEF316E-17A4-4ED4-8823-F01EA11EC974}.Debug|x64.ActiveCfg = Debug|Any CPU
		{BFEF316E-17A4-4ED4-8823-F01EA11EC974}.Debug|x64.Build.0 = Debug|Any CPU
		{BFEF316E-17A4-4ED4-8823-F01EA11EC974}.Debug|x86.ActiveCfg = Debug|Any CPU
		{BFEF316E-17A4-4ED4-8823-F01EA11EC974}.Debug|x86.Build.0 = Debug|Any CPU
		{BFEF316E-17A4-4ED4-8823-F01EA11EC974}.Release|Any CPU.ActiveCfg = Release|Any CPU
		{BFEF316E-17A4-4ED4-8823-F01EA11EC974}.Release|Any CPU.Build.0 = Release|Any CPU
		{BFEF316E-17A4-4ED4-8823-F01EA11EC974}.Release|ARM.ActiveCfg = Release|Any CPU
		{BFEF316E-17A4-4ED4-8823-F01EA11EC974}.Release|ARM.Build.0 = Release|Any CPU
		{BFEF316E-17A4-4ED4-8823-F01EA11EC974}.Release|x64.ActiveCfg = Release|Any CPU
		{BFEF316E-17A4-4ED4-8823-F01EA11EC974}.Release|x64.Build.0 = Release|Any CPU
		{BFEF316E-17A4-4ED4-8823-F01EA11EC974}.Release|x86.ActiveCfg = Release|Any CPU
		{BFEF316E-17A4-4ED4-8823-F01EA11EC974}.Release|x86.Build.0 = Release|Any CPU
		{AE9BFFF0-3548-4E9A-AB21-536F59F8FAB8}.Debug|Any CPU.ActiveCfg = Debug|Any CPU
		{AE9BFFF0-3548-4E9A-AB21-536F59F8FAB8}.Debug|Any CPU.Build.0 = Debug|Any CPU
		{AE9BFFF0-3548-4E9A-AB21-536F59F8FAB8}.Debug|ARM.ActiveCfg = Debug|Any CPU
		{AE9BFFF0-3548-4E9A-AB21-536F59F8FAB8}.Debug|ARM.Build.0 = Debug|Any CPU
		{AE9BFFF0-3548-4E9A-AB21-536F59F8FAB8}.Debug|x64.ActiveCfg = Debug|Any CPU
		{AE9BFFF0-3548-4E9A-AB21-536F59F8FAB8}.Debug|x64.Build.0 = Debug|Any CPU
		{AE9BFFF0-3548-4E9A-AB21-536F59F8FAB8}.Debug|x86.ActiveCfg = Debug|Any CPU
		{AE9BFFF0-3548-4E9A-AB21-536F59F8FAB8}.Debug|x86.Build.0 = Debug|Any CPU
		{AE9BFFF0-3548-4E9A-AB21-536F59F8FAB8}.Release|Any CPU.ActiveCfg = Release|Any CPU
		{AE9BFFF0-3548-4E9A-AB21-536F59F8FAB8}.Release|Any CPU.Build.0 = Release|Any CPU
		{AE9BFFF0-3548-4E9A-AB21-536F59F8FAB8}.Release|ARM.ActiveCfg = Release|Any CPU
		{AE9BFFF0-3548-4E9A-AB21-536F59F8FAB8}.Release|ARM.Build.0 = Release|Any CPU
		{AE9BFFF0-3548-4E9A-AB21-536F59F8FAB8}.Release|x64.ActiveCfg = Release|Any CPU
		{AE9BFFF0-3548-4E9A-AB21-536F59F8FAB8}.Release|x64.Build.0 = Release|Any CPU
		{AE9BFFF0-3548-4E9A-AB21-536F59F8FAB8}.Release|x86.ActiveCfg = Release|Any CPU
		{AE9BFFF0-3548-4E9A-AB21-536F59F8FAB8}.Release|x86.Build.0 = Release|Any CPU
		{2009FEE3-938B-4B56-8DFA-C52D6BE75B5E}.Debug|Any CPU.ActiveCfg = Debug|Any CPU
		{2009FEE3-938B-4B56-8DFA-C52D6BE75B5E}.Debug|Any CPU.Build.0 = Debug|Any CPU
		{2009FEE3-938B-4B56-8DFA-C52D6BE75B5E}.Debug|ARM.ActiveCfg = Debug|Any CPU
		{2009FEE3-938B-4B56-8DFA-C52D6BE75B5E}.Debug|ARM.Build.0 = Debug|Any CPU
		{2009FEE3-938B-4B56-8DFA-C52D6BE75B5E}.Debug|x64.ActiveCfg = Debug|Any CPU
		{2009FEE3-938B-4B56-8DFA-C52D6BE75B5E}.Debug|x64.Build.0 = Debug|Any CPU
		{2009FEE3-938B-4B56-8DFA-C52D6BE75B5E}.Debug|x86.ActiveCfg = Debug|Any CPU
		{2009FEE3-938B-4B56-8DFA-C52D6BE75B5E}.Debug|x86.Build.0 = Debug|Any CPU
		{2009FEE3-938B-4B56-8DFA-C52D6BE75B5E}.Release|Any CPU.ActiveCfg = Release|Any CPU
		{2009FEE3-938B-4B56-8DFA-C52D6BE75B5E}.Release|Any CPU.Build.0 = Release|Any CPU
		{2009FEE3-938B-4B56-8DFA-C52D6BE75B5E}.Release|ARM.ActiveCfg = Release|Any CPU
		{2009FEE3-938B-4B56-8DFA-C52D6BE75B5E}.Release|ARM.Build.0 = Release|Any CPU
		{2009FEE3-938B-4B56-8DFA-C52D6BE75B5E}.Release|x64.ActiveCfg = Release|Any CPU
		{2009FEE3-938B-4B56-8DFA-C52D6BE75B5E}.Release|x64.Build.0 = Release|Any CPU
		{2009FEE3-938B-4B56-8DFA-C52D6BE75B5E}.Release|x86.ActiveCfg = Release|Any CPU
		{2009FEE3-938B-4B56-8DFA-C52D6BE75B5E}.Release|x86.Build.0 = Release|Any CPU
		{BA7C621B-FD1C-4B24-936A-A6D5FE874C7D}.Debug|Any CPU.ActiveCfg = Debug|Any CPU
		{BA7C621B-FD1C-4B24-936A-A6D5FE874C7D}.Debug|Any CPU.Build.0 = Debug|Any CPU
		{BA7C621B-FD1C-4B24-936A-A6D5FE874C7D}.Debug|ARM.ActiveCfg = Debug|Any CPU
		{BA7C621B-FD1C-4B24-936A-A6D5FE874C7D}.Debug|ARM.Build.0 = Debug|Any CPU
		{BA7C621B-FD1C-4B24-936A-A6D5FE874C7D}.Debug|x64.ActiveCfg = Debug|Any CPU
		{BA7C621B-FD1C-4B24-936A-A6D5FE874C7D}.Debug|x64.Build.0 = Debug|Any CPU
		{BA7C621B-FD1C-4B24-936A-A6D5FE874C7D}.Debug|x86.ActiveCfg = Debug|Any CPU
		{BA7C621B-FD1C-4B24-936A-A6D5FE874C7D}.Debug|x86.Build.0 = Debug|Any CPU
		{BA7C621B-FD1C-4B24-936A-A6D5FE874C7D}.Release|Any CPU.ActiveCfg = Release|Any CPU
		{BA7C621B-FD1C-4B24-936A-A6D5FE874C7D}.Release|Any CPU.Build.0 = Release|Any CPU
		{BA7C621B-FD1C-4B24-936A-A6D5FE874C7D}.Release|ARM.ActiveCfg = Release|Any CPU
		{BA7C621B-FD1C-4B24-936A-A6D5FE874C7D}.Release|ARM.Build.0 = Release|Any CPU
		{BA7C621B-FD1C-4B24-936A-A6D5FE874C7D}.Release|x64.ActiveCfg = Release|Any CPU
		{BA7C621B-FD1C-4B24-936A-A6D5FE874C7D}.Release|x64.Build.0 = Release|Any CPU
		{BA7C621B-FD1C-4B24-936A-A6D5FE874C7D}.Release|x86.ActiveCfg = Release|Any CPU
		{BA7C621B-FD1C-4B24-936A-A6D5FE874C7D}.Release|x86.Build.0 = Release|Any CPU
	EndGlobalSection
	GlobalSection(SolutionProperties) = preSolution
		HideSolutionNode = FALSE
	EndGlobalSection
EndGlobal
